{
  "name": "potion",
  "lockfileVersion": 2,
  "requires": true,
  "packages": {
    "": {
      "license": "ISC",
      "dependencies": {
        "katex": "^0.12.0",
        "node-fetch": "^2.6.1",
        "prismjs": "^1.27.0"
      }
    },
    "node_modules/commander": {
      "version": "2.20.3",
      "resolved": "https://registry.npmjs.org/commander/-/commander-2.20.3.tgz",
      "integrity": "sha512-GpVkmM8vF2vQUkj2LvZmD35JxeJOLCwJ9cUkugyk2nuhbv3+mJvpLYYt+0+USMxE+oj+ey/lJEnhZw75x/OMcQ=="
    },
    "node_modules/katex": {
      "version": "0.12.0",
      "resolved": "https://registry.npmjs.org/katex/-/katex-0.12.0.tgz",
      "integrity": "sha512-y+8btoc/CK70XqcHqjxiGWBOeIL8upbS0peTPXTvgrh21n1RiWWcIpSWM+4uXq+IAgNh9YYQWdc7LVDPDAEEAg==",
      "dependencies": {
        "commander": "^2.19.0"
      },
      "bin": {
        "katex": "cli.js"
      }
    },
    "node_modules/node-fetch": {
      "version": "2.6.1",
      "resolved": "https://registry.npmjs.org/node-fetch/-/node-fetch-2.6.1.tgz",
      "integrity": "sha512-V4aYg89jEoVRxRb2fJdAg8FHvI7cEyYdVAh94HH0UIK8oJxUfkjlDQN9RbMx+bEjP7+ggMiFRprSti032Oipxw==",
      "engines": {
        "node": "4.x || >=6.0.0"
      }
    },
    "node_modules/prismjs": {
      "version": "1.27.0",
      "resolved": "https://registry.npmjs.org/prismjs/-/prismjs-1.27.0.tgz",
      "integrity": "sha512-t13BGPUlFDR7wRB5kQDG4jjl7XeuH6jbJGt11JHPL96qwsEHNX2+68tFXqc1/k+/jALsbSWJKUOT/hcYAZ5LkA==",
      "engines": {
        "node": ">=6"
      }
    }
  },
  "dependencies": {
    "commander": {
      "version": "2.20.3",
      "resolved": "https://registry.npmjs.org/commander/-/commander-2.20.3.tgz",
      "integrity": "sha512-GpVkmM8vF2vQUkj2LvZmD35JxeJOLCwJ9cUkugyk2nuhbv3+mJvpLYYt+0+USMxE+oj+ey/lJEnhZw75x/OMcQ=="
    },
    "katex": {
      "version": "0.12.0",
      "resolved": "https://registry.npmjs.org/katex/-/katex-0.12.0.tgz",
      "integrity": "sha512-y+8btoc/CK70XqcHqjxiGWBOeIL8upbS0peTPXTvgrh21n1RiWWcIpSWM+4uXq+IAgNh9YYQWdc7LVDPDAEEAg==",
      "requires": {
        "commander": "^2.19.0"
      }
    },
    "node-fetch": {
      "version": "2.6.1",
      "resolved": "https://registry.npmjs.org/node-fetch/-/node-fetch-2.6.1.tgz",
      "integrity": "sha512-V4aYg89jEoVRxRb2fJdAg8FHvI7cEyYdVAh94HH0UIK8oJxUfkjlDQN9RbMx+bEjP7+ggMiFRprSti032Oipxw=="
    },
    "prismjs": {
      "version": "1.27.0",
      "resolved": "https://registry.npmjs.org/prismjs/-/prismjs-1.27.0.tgz",
      "integrity": "sha512-t13BGPUlFDR7wRB5kQDG4jjl7XeuH6jbJGt11JHPL96qwsEHNX2+68tFXqc1/k+/jALsbSWJKUOT/hcYAZ5LkA=="
    }
  }
}
